Microsoft Visual Studio Solution File, Format Version 12.00
# Visual Studio Version 17
VisualStudioVersion = 17.5.2.0
MinimumVisualStudioVersion = 10.0.40219.1
Project("{FAE04EC0-301F-11D3-BF4B-00C04F79EFBC}") = "EmployeeRegistry", "EmployeeRegistry.csproj", "{6BBA92E9-37C3-A2A6-6D08-4D7085B93A9D}"
EndProject
Global
	GlobalSection(SolutionConfigurationPlatforms) = preSolution
		Debug|Any CPU = Debug|Any CPU
		Release|Any CPU = Release|Any CPU
	EndGlobalSection
	GlobalSection(ProjectConfigurationPlatforms) = postSolution
		{6BBA92E9-37C3-A2A6-6D08-4D7085B93A9D}.Debug|Any CPU.ActiveCfg = Debug|Any CPU
		{6BBA92E9-37C3-A2A6-6D08-4D7085B93A9D}.Debug|Any CPU.Build.0 = Debug|Any CPU
		{6BBA92E9-37C3-A2A6-6D08-4D7085B93A9D}.Release|Any CPU.ActiveCfg = Release|Any CPU
		{6BBA92E9-37C3-A2A6-6D08-4D7085B93A9D}.Release|Any CPU.Build.0 = Release|Any CPU
	EndGlobalSection
	GlobalSection(SolutionProperties) = preSolution
		HideSolutionNode = FALSE
	EndGlobalSection
	GlobalSection(ExtensibilityGlobals) = postSolution
		SolutionGuid = {4A01A8B3-D10B-4EE4-99A1-802F02232BFC}
	EndGlobalSection
EndGlobal
